// !$*UTF8*$!
{
	archiveVersion = 1;
	classes = {
	};
	objectVersion = 46;
	objects = {

/* Begin PBXBuildFile section */
		A220CEFF1D69839F00B43154 /* Podfile in Resources */ = {isa = PBXBuildFile; fileRef = A220CEFE1D69839F00B43154 /* Podfile */; };
		A2FBC5391D5FA914001DFDC8 /* AppDelegate.swift in Sources */ = {isa = PBXBuildFile; fileRef = A2FBC5381D5FA914001DFDC8 /* AppDelegate.swift */; };
		A2FBC53B1D5FA914001DFDC8 /* ViewController.swift in Sources */ = {isa = PBXBuildFile; fileRef = A2FBC53A1D5FA914001DFDC8 /* ViewController.swift */; };
		A2FBC53E1D5FA914001DFDC8 /* Main.storyboard in Resources */ = {isa = PBXBuildFile; fileRef = A2FBC53C1D5FA914001DFDC8 /* Main.storyboard */; };
		A2FBC5401D5FA914001DFDC8 /* Assets.xcassets in Resources */ = {isa = PBXBuildFile; fileRef = A2FBC53F1D5FA914001DFDC8 /* Assets.xcassets */; };
		A2FBC5431D5FA914001DFDC8 /* LaunchScreen.storyboard in Resources */ = {isa = PBXBuildFile; fileRef = A2FBC5411D5FA914001DFDC8 /* LaunchScreen.storyboard */; };
		A2FBC54E1D5FA915001DFDC8 /* SFBCTests.swift in Sources */ = {isa = PBXBuildFile; fileRef = A2FBC54D1D5FA915001DFDC8 /* SFBCTests.swift */; };
		A2FBC5591D5FA915001DFDC8 /* SFBCUITests.swift in Sources */ = {isa = PBXBuildFile; fileRef = A2FBC5581D5FA915001DFDC8 /* SFBCUITests.swift */; };
/* End PBXBuildFile section */

/* Begin PBXContainerItemProxy section */
		A2FBC54A1D5FA915001DFDC8 /* PBXContainerItemProxy */ = {
			isa = PBXContainerItemProxy;
			containerPortal = A2FBC52D1D5FA914001DFDC8 /* Project object */;
			proxyType = 1;
			remoteGlobalIDString = A2FBC5341D5FA914001DFDC8;
			remoteInfo = SFBC;
		};
		A2FBC5551D5FA915001DFDC8 /* PBXContainerItemProxy */ = {
			isa = PBXContainerItemProxy;
			containerPortal = A2FBC52D1D5FA914001DFDC8 /* Project object */;
			proxyType = 1;
			remoteGlobalIDString = A2FBC5341D5FA914001DFDC8;
			remoteInfo = SFBC;
		};
/* End PBXContainerItemProxy section */

/* Begin PBXFileReference section */
		A220CEFE1D69839F00B43154 /* Podfile */ = {isa = PBXFileReference; fileEncoding = 4; lastKnownFileType = text; path = Podfile; sourceTree = "<group>"; };
		A2FBC5351D5FA914001DFDC8 /* SFBC.app */ = {isa = PBXFileReference; explicitFileType = wrapper.application; includeInIndex = 0; path = SFBC.app; sourceTree = BUILT_PRODUCTS_DIR; };
		A2FBC5381D5FA914001DFDC8 /* AppDelegate.swift */ = {isa = PBXFileReference; lastKnownFileType = sourcecode.swift; path = AppDelegate.swift; sourceTree = "<group>"; };
		A2FBC53A1D5FA914001DFDC8 /* ViewController.swift */ = {isa = PBXFileReference; lastKnownFileType = sourcecode.swift; path = ViewController.swift; sourceTree = "<group>"; };
		A2FBC53D1D5FA914001DFDC8 /* Base */ = {isa = PBXFileReference; lastKnownFileType = file.storyboard; name = Base; path = Base.lproj/Main.storyboard; sourceTree = "<group>"; };
		A2FBC53F1D5FA914001DFDC8 /* Assets.xcassets */ = {isa = PBXFileReference; lastKnownFileType = folder.assetcatalog; path = Assets.xcassets; sourceTree = "<group>"; };
		A2FBC5421D5FA914001DFDC8 /* Base */ = {isa = PBXFileReference; lastKnownFileType = file.storyboard; name = Base; path = Base.lproj/LaunchScreen.storyboard; sourceTree = "<group>"; };
		A2FBC5441D5FA914001DFDC8 /* Info.plist */ = {isa = PBXFileReference; lastKnownFileType = text.plist.xml; path = Info.plist; sourceTree = "<group>"; };
		A2FBC5491D5FA915001DFDC8 /* SFBCTests.xctest */ = {isa = PBXFileReference; explicitFileType = wrapper.cfbundle; includeInIndex = 0; path = SFBCTests.xctest; sourceTree = BUILT_PRODUCTS_DIR; };
		A2FBC54D1D5FA915001DFDC8 /* SFBCTests.swift */ = {isa = PBXFileReference; lastKnownFileType = sourcecode.swift; path = SFBCTests.swift; sourceTree = "<group>"; };
		A2FBC54F1D5FA915001DFDC8 /* Info.plist */ = {isa = PBXFileReference; lastKnownFileType = text.plist.xml; path = Info.plist; sourceTree = "<group>"; };
		A2FBC5541D5FA915001DFDC8 /* SFBCUITests.xctest */ = {isa = PBXFileReference; explicitFileType = wrapper.cfbundle; includeInIndex = 0; path = SFBCUITests.xctest; sourceTree = BUILT_PRODUCTS_DIR; };
		A2FBC5581D5FA915001DFDC8 /* SFBCUITests.swift */ = {isa = PBXFileReference; lastKnownFileType = sourcecode.swift; path = SFBCUITests.swift; sourceTree = "<group>"; };
		A2FBC55A1D5FA915001DFDC8 /* Info.plist */ = {isa = PBXFileReference; lastKnownFileType = text.plist.xml; path = Info.plist; sourceTree = "<group>"; };
/* End PBXFileReference section */

/* Begin PBXFrameworksBuildPhase section */
		A2FBC5321D5FA914001DFDC8 /* Frameworks */ = {
			isa = PBXFrameworksBuildPhase;
			buildActionMask = 2147483647;
			files = (
			);
			runOnlyForDeploymentPostprocessing = 0;
		};
		A2FBC5461D5FA915001DFDC8 /* Frameworks */ = {
			isa = PBXFrameworksBuildPhase;
			buildActionMask = 2147483647;
			files = (
			);
			runOnlyForDeploymentPostprocessing = 0;
		};
		A2FBC5511D5FA915001DFDC8 /* Frameworks */ = {
			isa = PBXFrameworksBuildPhase;
			buildActionMask = 2147483647;
			files = (
			);
			runOnlyForDeploymentPostprocessing = 0;
		};
/* End PBXFrameworksBuildPhase section */

/* Begin PBXGroup section */
		A2FBC52C1D5FA914001DFDC8 = {
			isa = PBXGroup;
			children = (
				A2FBC5371D5FA914001DFDC8 /* SFBC */,
				A2FBC54C1D5FA915001DFDC8 /* SFBCTests */,
				A2FBC5571D5FA915001DFDC8 /* SFBCUITests */,
				A2FBC5361D5FA914001DFDC8 /* Products */,
			);
			sourceTree = "<group>";
		};
		A2FBC5361D5FA914001DFDC8 /* Products */ = {
			isa = PBXGroup;
			children = (
				A2FBC5351D5FA914001DFDC8 /* SFBC.app */,
				A2FBC5491D5FA915001DFDC8 /* SFBCTests.xctest */,
				A2FBC5541D5FA915001DFDC8 /* SFBCUITests.xctest */,
			);
			name = Products;
			sourceTree = "<group>";
		};
		A2FBC5371D5FA914001DFDC8 /* SFBC */ = {
			isa = PBXGroup;
			children = (
				A2FBC5381D5FA914001DFDC8 /* AppDelegate.swift */,
				A2FBC53A1D5FA914001DFDC8 /* ViewController.swift */,
				A2FBC53C1D5FA914001DFDC8 /* Main.storyboard */,
				A2FBC53F1D5FA914001DFDC8 /* Assets.xcassets */,
				A2FBC5411D5FA914001DFDC8 /* LaunchScreen.storyboard */,
				A2FBC5441D5FA914001DFDC8 /* Info.plist */,
				A220CEFE1D69839F00B43154 /* Podfile */,
			);
			path = SFBC;
			sourceTree = "<group>";
		};
		A2FBC54C1D5FA915001DFDC8 /* SFBCTests */ = {
			isa = PBXGroup;
			children = (
				A2FBC54D1D5FA915001DFDC8 /* SFBCTests.swift */,
				A2FBC54F1D5FA915001DFDC8 /* Info.plist */,
			);
			path = SFBCTests;
			sourceTree = "<group>";
		};
		A2FBC5571D5FA915001DFDC8 /* SFBCUITests */ = {
			isa = PBXGroup;
			children = (
				A2FBC5581D5FA915001DFDC8 /* SFBCUITests.swift */,
				A2FBC55A1D5FA915001DFDC8 /* Info.plist */,
			);
			path = SFBCUITests;
			sourceTree = "<group>";
		};
/* End PBXGroup section */

/* Begin PBXNativeTarget section */
		A2FBC5341D5FA914001DFDC8 /* SFBC */ = {
			isa = PBXNativeTarget;
			buildConfigurationList = A2FBC55D1D5FA915001DFDC8 /* Build configuration list for PBXNativeTarget "SFBC" */;
			buildPhases = (
				A2FBC5311D5FA914001DFDC8 /* Sources */,
				A2FBC5321D5FA914001DFDC8 /* Frameworks */,
				A2FBC5331D5FA914001DFDC8 /* Resources */,
			);
			buildRules = (
			);
			dependencies = (
			);
			name = SFBC;
			productName = SFBC;
			productReference = A2FBC5351D5FA914001DFDC8 /* SFBC.app */;
			productType = "com.apple.product-type.application";
		};
		A2FBC5481D5FA915001DFDC8 /* SFBCTests */ = {
			isa = PBXNativeTarget;
			buildConfigurationList = A2FBC5601D5FA915001DFDC8 /* Build configuration list for PBXNativeTarget "SFBCTests" */;
			buildPhases = (
				A2FBC5451D5FA915001DFDC8 /* Sources */,
				A2FBC5461D5FA915001DFDC8 /* Frameworks */,
				A2FBC5471D5FA915001DFDC8 /* Resources */,
			);
			buildRules = (
			);
			dependencies = (
				A2FBC54B1D5FA915001DFDC8 /* PBXTargetDependency */,
			);
			name = SFBCTests;
			productName = SFBCTests;
			productReference = A2FBC5491D5FA915001DFDC8 /* SFBCTests.xctest */;
			productType = "com.apple.product-type.bundle.unit-test";
		};
		A2FBC5531D5FA915001DFDC8 /* SFBCUITests */ = {
			isa = PBXNativeTarget;
			buildConfigurationList = A2FBC5631D5FA915001DFDC8 /* Build configuration list for PBXNativeTarget "SFBCUITests" */;
			buildPhases = (
				A2FBC5501D5FA915001DFDC8 /* Sources */,
				A2FBC5511D5FA915001DFDC8 /* Frameworks */,
				A2FBC5521D5FA915001DFDC8 /* Resources */,
			);
			buildRules = (
			);
			dependencies = (
				A2FBC5561D5FA915001DFDC8 /* PBXTargetDependency */,
			);
			name = SFBCUITests;
			productName = SFBCUITests;
			productReference = A2FBC5541D5FA915001DFDC8 /* SFBCUITests.xctest */;
			productType = "com.apple.product-type.bundle.ui-testing";
		};
/* End PBXNativeTarget section */

/* Begin PBXProject section */
		A2FBC52D1D5FA914001DFDC8 /* Project object */ = {
			isa = PBXProject;
			attributes = {
				LastSwiftUpdateCheck = 0800;
				LastUpgradeCheck = 0800;
				ORGANIZATIONNAME = "San Francisco Bike Coalition";
				TargetAttributes = {
					A2FBC5341D5FA914001DFDC8 = {
						CreatedOnToolsVersion = 8.0;
						ProvisioningStyle = Automatic;
					};
					A2FBC5481D5FA915001DFDC8 = {
						CreatedOnToolsVersion = 8.0;
						ProvisioningStyle = Automatic;
						TestTargetID = A2FBC5341D5FA914001DFDC8;
					};
					A2FBC5531D5FA915001DFDC8 = {
						CreatedOnToolsVersion = 8.0;
						ProvisioningStyle = Automatic;
						TestTargetID = A2FBC5341D5FA914001DFDC8;
					};
				};
			};
			buildConfigurationList = A2FBC5301D5FA914001DFDC8 /* Build configuration list for PBXProject "SFBC" */;
			compatibilityVersion = "Xcode 3.2";
			developmentRegion = English;
			hasScannedForEncodings = 0;
			knownRegions = (
				en,
				Base,
			);
			mainGroup = A2FBC52C1D5FA914001DFDC8;
			productRefGroup = A2FBC5361D5FA914001DFDC8 /* Products */;
			projectDirPath = "";
			projectRoot = "";
			targets = (
				A2FBC5341D5FA914001DFDC8 /* SFBC */,
				A2FBC5481D5FA915001DFDC8 /* SFBCTests */,
				A2FBC5531D5FA915001DFDC8 /* SFBCUITests */,
			);
		};
/* End PBXProject section */

/* Begin PBXResourcesBuildPhase section */
		A2FBC5331D5FA914001DFDC8 /* Resources */ = {
			isa = PBXResourcesBuildPhase;
			buildActionMask = 2147483647;
			files = (
				A2FBC5431D5FA914001DFDC8 /* LaunchScreen.storyboard in Resources */,
				A2FBC5401D5FA914001DFDC8 /* Assets.xcassets in Resources */,
				A220CEFF1D69839F00B43154 /* Podfile in Resources */,
				A2FBC53E1D5FA914001DFDC8 /* Main.storyboard in Resources */,
			);
			runOnlyForDeploymentPostprocessing = 0;
		};
		A2FBC5471D5FA915001DFDC8 /* Resources */ = {
			isa = PBXResourcesBuildPhase;
			buildActionMask = 2147483647;
			files = (
			);
			runOnlyForDeploymentPostprocessing = 0;
		};
		A2FBC5521D5FA915001DFDC8 /* Resources */ = {
			isa = PBXResourcesBuildPhase;
			buildActionMask = 2147483647;
			files = (
			);
			runOnlyForDeploymentPostprocessing = 0;
		};
/* End PBXResourcesBuildPhase section */

/* Begin PBXSourcesBuildPhase section */
		A2FBC5311D5FA914001DFDC8 /* Sources */ = {
			isa = PBXSourcesBuildPhase;
			buildActionMask = 2147483647;
			files = (
				A2FBC53B1D5FA914001DFDC8 /* ViewController.swift in Sources */,
				A2FBC5391D5FA914001DFDC8 /* AppDelegate.swift in Sources */,
			);
			runOnlyForDeploymentPostprocessing = 0;
		};
		A2FBC5451D5FA915001DFDC8 /* Sources */ = {
			isa = PBXSourcesBuildPhase;
			buildActionMask = 2147483647;
			files = (
				A2FBC54E1D5FA915001DFDC8 /* SFBCTests.swift in Sources */,
			);
			runOnlyForDeploymentPostprocessing = 0;
		};
		A2FBC5501D5FA915001DFDC8 /* Sources */ = {
			isa = PBXSourcesBuildPhase;
			buildActionMask = 2147483647;
			files = (
				A2FBC5591D5FA915001DFDC8 /* SFBCUITests.swift in Sources */,
			);
			runOnlyForDeploymentPostprocessing = 0;
		};
/* End PBXSourcesBuildPhase section */

/* Begin PBXTargetDependency section */
		A2FBC54B1D5FA915001DFDC8 /* PBXTargetDependency */ = {
			isa = PBXTargetDependency;
			target = A2FBC5341D5FA914001DFDC8 /* SFBC */;
			targetProxy = A2FBC54A1D5FA915001DFDC8 /* PBXContainerItemProxy */;
		};
		A2FBC5561D5FA915001DFDC8 /* PBXTargetDependency */ = {
			isa = PBXTargetDependency;
			target = A2FBC5341D5FA914001DFDC8 /* SFBC */;
			targetProxy = A2FBC5551D5FA915001DFDC8 /* PBXContainerItemProxy */;
		};
/* End PBXTargetDependency section */

/* Begin PBXVariantGroup section */
		A2FBC53C1D5FA914001DFDC8 /* Main.storyboard */ = {
			isa = PBXVariantGroup;
			children = (
				A2FBC53D1D5FA914001DFDC8 /* Base */,
			);
			name = Main.storyboard;
			sourceTree = "<group>";
		};
		A2FBC5411D5FA914001DFDC8 /* LaunchScreen.storyboard */ = {
			isa = PBXVariantGroup;
			children = (
				A2FBC5421D5FA914001DFDC8 /* Base */,
			);
			name = LaunchScreen.storyboard;
			sourceTree = "<group>";
		};
/* End PBXVariantGroup section */

/* Begin XCBuildConfiguration section */
		A2FBC55B1D5FA915001DFDC8 /* Debug */ = {
			isa = XCBuildConfiguration;
			buildSettings = {
				ALWAYS_SEARCH_USER_PATHS = NO;
				CLANG_ANALYZER_NONNULL = YES;
				CLANG_CXX_LANGUAGE_STANDARD = "gnu++0x";
				CLANG_CXX_LIBRARY = "libc++";
				CLANG_ENABLE_MODULES = YES;
				CLANG_ENABLE_OBJC_ARC = YES;
				CLANG_WARN_BOOL_CONVERSION = YES;
				CLANG_WARN_CONSTANT_CONVERSION = YES;
				CLANG_WARN_DIRECT_OBJC_ISA_USAGE = YES_ERROR;
				CLANG_WARN_DOCUMENTATION_COMMENTS = YES;
				CLANG_WARN_EMPTY_BODY = YES;
				CLANG_WARN_ENUM_CONVERSION = YES;
				CLANG_WARN_INFINITE_RECURSION = YES;
				CLANG_WARN_INT_CONVERSION = YES;
				CLANG_WARN_OBJC_ROOT_CLASS = YES_ERROR;
				CLANG_WARN_SUSPICIOUS_MOVES = YES;
				CLANG_WARN_UNREACHABLE_CODE = YES;
				CLANG_WARN__DUPLICATE_METHOD_MATCH = YES;
				"CODE_SIGN_IDENTITY[sdk=iphoneos*]" = "iPhone Developer";
				COPY_PHASE_STRIP = NO;
				DEBUG_INFORMATION_FORMAT = dwarf;
				ENABLE_STRICT_OBJC_MSGSEND = YES;
				ENABLE_TESTABILITY = YES;
				GCC_C_LANGUAGE_STANDARD = gnu99;
				GCC_DYNAMIC_NO_PIC = NO;
				GCC_NO_COMMON_BLOCKS = YES;
				GCC_OPTIMIZATION_LEVEL = 0;
				GCC_PREPROCESSOR_DEFINITIONS = (
					"DEBUG=1",
					"$(inherited)",
				);
				GCC_WARN_64_TO_32_BIT_CONVERSION = YES;
				GCC_WARN_ABOUT_RETURN_TYPE = YES_ERROR;
				GCC_WARN_UNDECLARED_SELECTOR = YES;
				GCC_WARN_UNINITIALIZED_AUTOS = YES_AGGRESSIVE;
				GCC_WARN_UNUSED_FUNCTION = YES;
				GCC_WARN_UNUSED_VARIABLE = YES;
				IPHONEOS_DEPLOYMENT_TARGET = 10.0;
				MTL_ENABLE_DEBUG_INFO = YES;
				ONLY_ACTIVE_ARCH = YES;
				SDKROOT = iphoneos;
				SWIFT_ACTIVE_COMPILATION_CONDITIONS = DEBUG;
				SWIFT_OPTIMIZATION_LEVEL = "-Onone";
			};
			name = Debug;
		};
		A2FBC55C1D5FA915001DFDC8 /* Release */ = {
			isa = XCBuildConfiguration;
			buildSettings = {
				ALWAYS_SEARCH_USER_PATHS = NO;
				CLANG_ANALYZER_NONNULL = YES;
				CLANG_CXX_LANGUAGE_STANDARD = "gnu++0x";
				CLANG_CXX_LIBRARY = "libc++";
				CLANG_ENABLE_MODULES = YES;
				CLANG_ENABLE_OBJC_ARC = YES;
				CLANG_WARN_BOOL_CONVERSION = YES;
				CLANG_WARN_CONSTANT_CONVERSION = YES;
				CLANG_WARN_DIRECT_OBJC_ISA_USAGE = YES_ERROR;
				CLANG_WARN_DOCUMENTATION_COMMENTS = YES;
				CLANG_WARN_EMPTY_BODY = YES;
				CLANG_WARN_ENUM_CONVERSION = YES;
				CLANG_WARN_INFINITE_RECURSION = YES;
				CLANG_WARN_INT_CONVERSION = YES;
				CLANG_WARN_OBJC_ROOT_CLASS = YES_ERROR;
				CLANG_WARN_SUSPICIOUS_MOVES = YES;
				CLANG_WARN_UNREACHABLE_CODE = YES;
				CLANG_WARN__DUPLICATE_METHOD_MATCH = YES;
				"CODE_SIGN_IDENTITY[sdk=iphoneos*]" = "iPhone Developer";
				COPY_PHASE_STRIP = NO;
				DEBUG_INFORMATION_FORMAT = "dwarf-with-dsym";
				ENABLE_NS_ASSERTIONS = NO;
				ENABLE_STRICT_OBJC_MSGSEND = YES;
				GCC_C_LANGUAGE_STANDARD = gnu99;
				GCC_NO_COMMON_BLOCKS = YES;
				GCC_WARN_64_TO_32_BIT_CONVERSION = YES;
				GCC_WARN_ABOUT_RETURN_TYPE = YES_ERROR;
				GCC_WARN_UNDECLARED_SELECTOR = YES;
				GCC_WARN_UNINITIALIZED_AUTOS = YES_AGGRESSIVE;
				GCC_WARN_UNUSED_FUNCTION = YES;
				GCC_WARN_UNUSED_VARIABLE = YES;
				IPHONEOS_DEPLOYMENT_TARGET = 10.0;
				MTL_ENABLE_DEBUG_INFO = NO;
				SDKROOT = iphoneos;
				SWIFT_OPTIMIZATION_LEVEL = "-Owholemodule";
				VALIDATE_PRODUCT = YES;
			};
			name = Release;
		};
		A2FBC55E1D5FA915001DFDC8 /* Debug */ = {
			isa = XCBuildConfiguration;
			buildSettings = {
				ASSETCATALOG_COMPILER_APPICON_NAME = AppIcon;
				INFOPLIST_FILE = SFBC/Info.plist;
				LD_RUNPATH_SEARCH_PATHS = "$(inherited) @executable_path/Frameworks";
				PRODUCT_BUNDLE_IDENTIFIER = org.sfbike.SFBC;
				PRODUCT_NAME = "$(TARGET_NAME)";
				SWIFT_VERSION = 3.0;
			};
			name = Debug;
		};
		A2FBC55F1D5FA915001DFDC8 /* Release */ = {
			isa = XCBuildConfiguration;
			buildSettings = {
				ASSETCATALOG_COMPILER_APPICON_NAME = AppIcon;
				INFOPLIST_FILE = SFBC/Info.plist;
				LD_RUNPATH_SEARCH_PATHS = "$(inherited) @executable_path/Frameworks";
				PRODUCT_BUNDLE_IDENTIFIER = org.sfbike.SFBC;
				PRODUCT_NAME = "$(TARGET_NAME)";
				SWIFT_VERSION = 3.0;
			};
			name = Release;
		};
		A2FBC5611D5FA915001DFDC8 /* Debug */ = {
			isa = XCBuildConfiguration;
			buildSettings = {
				BUNDLE_LOADER = "$(TEST_HOST)";
				INFOPLIST_FILE = SFBCTests/Info.plist;
				LD_RUNPATH_SEARCH_PATHS = "$(inherited) @executable_path/Frameworks @loader_path/Frameworks";
				PRODUCT_BUNDLE_IDENTIFIER = org.sfbike.SFBCTests;
				PRODUCT_NAME = "$(TARGET_NAME)";
				SWIFT_VERSION = 3.0;
				TEST_HOST = "$(BUILT_PRODUCTS_DIR)/SFBC.app/SFBC";
			};
			name = Debug;
		};
		A2FBC5621D5FA915001DFDC8 /* Release */ = {
			isa = XCBuildConfiguration;
			buildSettings = {
				BUNDLE_LOADER = "$(TEST_HOST)";
				INFOPLIST_FILE = SFBCTests/Info.plist;
				LD_RUNPATH_SEARCH_PATHS = "$(inherited) @executable_path/Frameworks @loader_path/Frameworks";
				PRODUCT_BUNDLE_IDENTIFIER = org.sfbike.SFBCTests;
				PRODUCT_NAME = "$(TARGET_NAME)";
				SWIFT_VERSION = 3.0;
				TEST_HOST = "$(BUILT_PRODUCTS_DIR)/SFBC.app/SFBC";
			};
			name = Release;
		};
		A2FBC5641D5FA915001DFDC8 /* Debug */ = {
			isa = XCBuildConfiguration;
			buildSettings = {
				INFOPLIST_FILE = SFBCUITests/Info.plist;
				LD_RUNPATH_SEARCH_PATHS = "$(inherited) @executable_path/Frameworks @loader_path/Frameworks";
				PRODUCT_BUNDLE_IDENTIFIER = org.sfbike.SFBCUITests;
				PRODUCT_NAME = "$(TARGET_NAME)";
				SWIFT_VERSION = 3.0;
				TEST_TARGET_NAME = SFBC;
			};
			name = Debug;
		};
		A2FBC5651D5FA915001DFDC8 /* Release */ = {
			isa = XCBuildConfiguration;
			buildSettings = {
				INFOPLIST_FILE = SFBCUITests/Info.plist;
				LD_RUNPATH_SEARCH_PATHS = "$(inherited) @executable_path/Frameworks @loader_path/Frameworks";
				PRODUCT_BUNDLE_IDENTIFIER = org.sfbike.SFBCUITests;
				PRODUCT_NAME = "$(TARGET_NAME)";
				SWIFT_VERSION = 3.0;
				TEST_TARGET_NAME = SFBC;
			};
			name = Release;
		};
/* End XCBuildConfiguration section */

/* Begin XCConfigurationList section */
		A2FBC5301D5FA914001DFDC8 /* Build configuration list for PBXProject "SFBC" */ = {
			isa = XCConfigurationList;
			buildConfigurations = (
				A2FBC55B1D5FA915001DFDC8 /* Debug */,
				A2FBC55C1D5FA915001DFDC8 /* Release */,
			);
			defaultConfigurationIsVisible = 0;
			defaultConfigurationName = Release;
		};
		A2FBC55D1D5FA915001DFDC8 /* Build configuration list for PBXNativeTarget "SFBC" */ = {
			isa = XCConfigurationList;
			buildConfigurations = (
				A2FBC55E1D5FA915001DFDC8 /* Debug */,
				A2FBC55F1D5FA915001DFDC8 /* Release */,
			);
			defaultConfigurationIsVisible = 0;
			defaultConfigurationName = Release;
		};
		A2FBC5601D5FA915001DFDC8 /* Build configuration list for PBXNativeTarget "SFBCTests" */ = {
			isa = XCConfigurationList;
			buildConfigurations = (
				A2FBC5611D5FA915001DFDC8 /* Debug */,
				A2FBC5621D5FA915001DFDC8 /* Release */,
			);
			defaultConfigurationIsVisible = 0;
			defaultConfigurationName = Release;
		};
		A2FBC5631D5FA915001DFDC8 /* Build configuration list for PBXNativeTarget "SFBCUITests" */ = {
			isa = XCConfigurationList;
			buildConfigurations = (
				A2FBC5641D5FA915001DFDC8 /* Debug */,
				A2FBC5651D5FA915001DFDC8 /* Release */,
			);
			defaultConfigurationIsVisible = 0;
			defaultConfigurationName = Release;
		};
/* End XCConfigurationList section */
	};
	rootObject = A2FBC52D1D5FA914001DFDC8 /* Project object */;
}
